# This file is autogenerated, do not edit; changes may be undone by the next 'dep ensure'.


[[projects]]
  branch = "master"
  digest = "1:89df516e4ec36be36c4ccc661f2e9007ccb13d4e970e3b7e9c96e87fe4ceb5ba"
  name = "github.com/jcelliott/lumber"
  packages = ["."]
  pruneopts = "UT"
  revision = "dd349441af25132d146d7095c6693a15431fc9b1"

[[projects]]
  digest = "1:f97285a3b0a496dcf8801072622230d513f69175665d94de60eb042d03387f6c"
  name = "github.com/julienschmidt/httprouter"
  packages = ["."]
  pruneopts = "UT"
  revision = "348b672cd90d8190f8240323e372ecd1e66b59dc"
  version = "v1.2.0"

[[projects]]
  branch = "master"
  digest = "1:4085fab6ad148702fb359c14d5602201d6bd9c3b8dd4162a2fd15a4e9dab3ad1"
  name = "github.com/nanobox-io/golang-scribble"
  packages = ["."]
  pruneopts = "UT"
  revision = "336beac0a992ed9abaf4ef8e7042ba7fe3335c06"

[solve-meta]
  analyzer-name = "dep"
  analyzer-version = 1
  input-imports = [
    "github.com/julienschmidt/httprouter",
    "github.com/nanobox-io/golang-scribble",
  ]
  solver-name = "gps-cdcl"
  solver-version = 1
